Microsoft Visual Studio Solution File, Format Version 12.00
# Visual Studio Version 17
VisualStudioVersion = 17.0.31912.202
MinimumVisualStudioVersion = 10.0.40219.1
Project("{FAE04EC0-301F-11D3-BF4B-00C04F79EFBC}") = "MinhaAplicacao.Api", "src\MinhaAplicacao.Api\MinhaAplicacao.Api.csproj", "{A1B2C3D4-E5F6-7890-ABCD-EF1234567890}"
EndProject
Project("{FAE04EC0-301F-11D3-BF4B-00C04F79EFBC}") = "MinhaAplicacao.Application", "src\MinhaAplicacao.Application\MinhaAplicacao.Application.csproj", "{B1C2D3E4-F5G6-7890-ABCD-EF1234567890}"
EndProject
Project("{FAE04EC0-301F-11D3-BF4B-00C04F79EFBC}") = "MinhaAplicacao.Domain", "src\MinhaAplicacao.Domain\MinhaAplicacao.Domain.csproj", "{C1D2E3F4-G5H6-7890-ABCD-EF1234567890}"
EndProject
Project("{FAE04EC0-301F-11D3-BF4B-00C04F79EFBC}") = "MinhaAplicacao.Infrastructure", "src\MinhaAplicacao.Infrastructure\MinhaAplicacao.Infrastructure.csproj", "{D1E2F3G4-H5I6-7890-ABCD-EF1234567890}"
EndProject
Project("{FAE04EC0-301F-11D3-BF4B-00C04F79EFBC}") = "MinhaAplicacao.UnitTests", "tests\MinhaAplicacao.UnitTests\MinhaAplicacao.UnitTests.csproj", "{E1F2G3H4-I5J6-7890-ABCD-EF1234567890}"
EndProject
Project("{FAE04EC0-301F-11D3-BF4B-00C04F79EFBC}") = "MinhaAplicacao.IntegrationTests", "tests\MinhaAplicacao.IntegrationTests\MinhaAplicacao.IntegrationTests.csproj", "{F1G2H3I4-J5K6-7890-ABCD-EF1234567890}"
EndProject
Global
    GlobalSection(SolutionConfigurationPlatforms) = preSolution
        Debug|Any CPU = Debug|Any CPU
        Release|Any CPU = Release|Any CPU
    EndGlobalSection
    GlobalSection(ProjectConfigurationPlatforms) = postSolution
        {A1B2C3D4-E5F6-7890-ABCD-EF1234567890}.Debug|Any CPU.ActiveCfg = Debug|Any CPU
        {A1B2C3D4-E5F6-7890-ABCD-EF1234567890}.Debug|Any CPU.Build.0 = Debug|Any CPU
        {A1B2C3D4-E5F6-7890-ABCD-EF1234567890}.Release|Any CPU.ActiveCfg = Release|Any CPU
        {A1B2C3D4-E5F6-7890-ABCD-EF1234567890}.Release|Any CPU.Build.0 = Release|Any CPU
        {B1C2D3E4-F5G6-7890-ABCD-EF1234567890}.Debug|Any CPU.ActiveCfg = Debug|Any CPU
        {B1C2D3E4-F5G6-7890-ABCD-EF1234567890}.Debug|Any CPU.Build.0 = Debug|Any CPU
        {B1C2D3E4-F5G6-7890-ABCD-EF1234567890}.Release|Any CPU.ActiveCfg = Release|Any CPU
        {B1C2D3E4-F5G6-7890-ABCD-EF1234567890}.Release|Any CPU.Build.0 = Release|Any CPU
        {C1D2E3F4-G5H6-7890-ABCD-EF1234567890}.Debug|Any CPU.ActiveCfg = Debug|Any CPU
        {C1D2E3F4-G5H6-7890-ABCD-EF1234567890}.Debug|Any CPU.Build.0 = Debug|Any CPU
        {C1D2E3F4-G5H6-7890-ABCD-EF1234567890}.Release|Any CPU.ActiveCfg = Release|Any CPU
        {C1D2E3F4-G5H6-7890-ABCD-EF1234567890}.Release|Any CPU.Build.0 = Release|Any CPU
        {D1E2F3G4-H5I6-7890-ABCD-EF1234567890}.Debug|Any CPU.ActiveCfg = Debug|Any CPU
        {D1E2F3G4-H5I6-7890-ABCD-EF1234567890}.Debug|Any CPU.Build.0 = Debug|Any CPU
        {D1E2F3G4-H5I6-7890-ABCD-EF1234567890}.Release|Any CPU.ActiveCfg = Release|Any CPU
        {D1E2F3G4-H5I6-7890-ABCD-EF1234567890}.Release|Any CPU.Build.0 = Release|Any CPU
        {E1F2G3H4-I5J6-7890-ABCD-EF1234567890}.Debug|Any CPU.ActiveCfg = Debug|Any CPU
        {E1F2G3H4-I5J6-7890-ABCD-EF1234567890}.Debug|Any CPU.Build.0 = Debug|Any CPU
        {E1F2G3H4-I5J6-7890-ABCD-EF1234567890}.Release|Any CPU.ActiveCfg = Release|Any CPU
        {E1F2G3H4-I5J6-7890-ABCD-EF1234567890}.Release|Any CPU.Build.0 = Release|Any CPU
        {F1G2H3I4-J5K6-7890-ABCD-EF1234567890}.Debug|Any CPU.ActiveCfg = Debug|Any CPU
        {F1G2H3I4-J5K6-7890-ABCD-EF1234567890}.Debug|Any CPU.Build.0 = Debug|Any CPU
        {F1G2H3I4-J5K6-7890-ABCD-EF1234567890}.Release|Any CPU.ActiveCfg = Release|Any CPU
        {F1G2H3I4-J5K6-7890-ABCD-EF1234567890}.Release|Any CPU.Build.0 = Release|Any CPU
    EndGlobalSection
EndGlobal